
Microsoft Visual Studio Solution File, Format Version 12.00
# Visual Studio Version 16
VisualStudioVersion = 16.0.29905.134
MinimumVisualStudioVersion = 10.0.40219.1
Project("{9A19103F-16F7-4668-BE54-9A1E7A4F7556}") = "SecureAPI", "SecureAPI\SecureAPI.csproj", "{6A379569-5352-4693-9263-414FFA9666EC}"
EndProject
Global
	GlobalSection(SolutionConfigurationPlatforms) = preSolution
		Debug|Any CPU = Debug|Any CPU
		Release|Any CPU = Release|Any CPU
	EndGlobalSection
	GlobalSection(ProjectConfigurationPlatforms) = postSolution
		{6A379569-5352-4693-9263-414FFA9666EC}.Debug|Any CPU.ActiveCfg = Debug|Any CPU
		{6A379569-5352-4693-9263-414FFA9666EC}.Debug|Any CPU.Build.0 = Debug|Any CPU
		{6A379569-5352-4693-9263-414FFA9666EC}.Release|Any CPU.ActiveCfg = Release|Any CPU
		{6A379569-5352-4693-9263-414FFA9666EC}.Release|Any CPU.Build.0 = Release|Any CPU
	EndGlobalSection
	GlobalSection(SolutionProperties) = preSolution
		HideSolutionNode = FALSE
	EndGlobalSection
	GlobalSection(ExtensibilityGlobals) = postSolution
		SolutionGuid = {3F8C87D7-33B7-40A6-AF29-3C52C06294DC}
	EndGlobalSection
EndGlobal
